
Microsoft Visual Studio Solution File, Format Version 11.00
# Visual Studio 2010
Project("{8BC9CEB8-8B4A-11D0-8D11-00A0C91BC942}") = "USBDepthCheck", "USBDepthCheck\USBDepthCheck.vcxproj", "{F19EE667-D5F9-4008-87C8-1E59FB85176A}"
EndProject
Project("{8BC9CEB8-8B4A-11D0-8D11-00A0C91BC942}") = "test", "test\test.vcxproj", "{79AAEF44-FCCD-4C22-B780-5A59C9B2B3DB}"
	ProjectSection(ProjectDependencies) = postProject
		{F19EE667-D5F9-4008-87C8-1E59FB85176A} = {F19EE667-D5F9-4008-87C8-1E59FB85176A}
	EndProjectSection
EndProject
Global
	GlobalSection(SolutionConfigurationPlatforms) = preSolution
		Debug|Win32 = Debug|Win32
		Release|Win32 = Release|Win32
	EndGlobalSection
	GlobalSection(ProjectConfigurationPlatforms) = postSolution
		{F19EE667-D5F9-4008-87C8-1E59FB85176A}.Debug|Win32.ActiveCfg = Debug|Win32
		{F19EE667-D5F9-4008-87C8-1E59FB85176A}.Debug|Win32.Build.0 = Debug|Win32
		{F19EE667-D5F9-4008-87C8-1E59FB85176A}.Release|Win32.ActiveCfg = Release|Win32
		{F19EE667-D5F9-4008-87C8-1E59FB85176A}.Release|Win32.Build.0 = Release|Win32
		{79AAEF44-FCCD-4C22-B780-5A59C9B2B3DB}.Debug|Win32.ActiveCfg = Debug|Win32
		{79AAEF44-FCCD-4C22-B780-5A59C9B2B3DB}.Debug|Win32.Build.0 = Debug|Win32
		{79AAEF44-FCCD-4C22-B780-5A59C9B2B3DB}.Release|Win32.ActiveCfg = Release|Win32
		{79AAEF44-FCCD-4C22-B780-5A59C9B2B3DB}.Release|Win32.Build.0 = Release|Win32
	EndGlobalSection
	GlobalSection(SolutionProperties) = preSolution
		HideSolutionNode = FALSE
	EndGlobalSection
EndGlobal
